// !$*UTF8*$!
{
	archiveVersion = 1;
	classes = {
	};
	objectVersion = 51;
	objects = {

/* Begin PBXBuildFile section */
		0F352521240C2390005C2E61 /* AppDelegate.swift in Sources */ = {isa = PBXBuildFile; fileRef = 0F352520240C2390005C2E61 /* AppDelegate.swift */; };
		0F352525240C2390005C2E61 /* ViewController.swift in Sources */ = {isa = PBXBuildFile; fileRef = 0F352524240C2390005C2E61 /* ViewController.swift */; };
		0F35252A240C2394005C2E61 /* Assets.xcassets in Resources */ = {isa = PBXBuildFile; fileRef = 0F352529240C2394005C2E61 /* Assets.xcassets */; };
		0F35252D240C2394005C2E61 /* LaunchScreen.storyboard in Resources */ = {isa = PBXBuildFile; fileRef = 0F35252B240C2394005C2E61 /* LaunchScreen.storyboard */; };
		0F352535240C25F4005C2E61 /* ViewConfigDelegate.swift in Sources */ = {isa = PBXBuildFile; fileRef = 0F352534240C25F4005C2E61 /* ViewConfigDelegate.swift */; };
		9E075D45A8FB602F0118141D /* Pods_HelloWorldPL.framework in Frameworks */ = {isa = PBXBuildFile; fileRef = EA5946E72FD1B70E31BB279D /* Pods_HelloWorldPL.framework */; };
/* End PBXBuildFile section */

/* Begin PBXFileReference section */
		0F35251D240C2390005C2E61 /* HelloWorldPL.app */ = {isa = PBXFileReference; explicitFileType = wrapper.application; includeInIndex = 0; path = HelloWorldPL.app; sourceTree = BUILT_PRODUCTS_DIR; };
		0F352520240C2390005C2E61 /* AppDelegate.swift */ = {isa = PBXFileReference; lastKnownFileType = sourcecode.swift; path = AppDelegate.swift; sourceTree = "<group>"; };
		0F352524240C2390005C2E61 /* ViewController.swift */ = {isa = PBXFileReference; lastKnownFileType = sourcecode.swift; path = ViewController.swift; sourceTree = "<group>"; };
		0F352529240C2394005C2E61 /* Assets.xcassets */ = {isa = PBXFileReference; lastKnownFileType = folder.assetcatalog; path = Assets.xcassets; sourceTree = "<group>"; };
		0F35252C240C2394005C2E61 /* Base */ = {isa = PBXFileReference; lastKnownFileType = file.storyboard; name = Base; path = Base.lproj/LaunchScreen.storyboard; sourceTree = "<group>"; };
		0F35252E240C2394005C2E61 /* Info.plist */ = {isa = PBXFileReference; lastKnownFileType = text.plist.xml; path = Info.plist; sourceTree = "<group>"; };
		0F352534240C25F4005C2E61 /* ViewConfigDelegate.swift */ = {isa = PBXFileReference; lastKnownFileType = sourcecode.swift; path = ViewConfigDelegate.swift; sourceTree = "<group>"; };
		6D9C0FF470D04ABCB11A517E /* Pods-HelloWorldPL.debug.xcconfig */ = {isa = PBXFileReference; includeInIndex = 1; lastKnownFileType = text.xcconfig; name = "Pods-HelloWorldPL.debug.xcconfig"; path = "Target Support Files/Pods-HelloWorldPL/Pods-HelloWorldPL.debug.xcconfig"; sourceTree = "<group>"; };
		D337D480C33D8894A97216F7 /* Pods-HelloWorldPL.release.xcconfig */ = {isa = PBXFileReference; includeInIndex = 1; lastKnownFileType = text.xcconfig; name = "Pods-HelloWorldPL.release.xcconfig"; path = "Target Support Files/Pods-HelloWorldPL/Pods-HelloWorldPL.release.xcconfig"; sourceTree = "<group>"; };
		EA5946E72FD1B70E31BB279D /* Pods_HelloWorldPL.framework */ = {isa = PBXFileReference; explicitFileType = wrapper.framework; includeInIndex = 0; path = Pods_HelloWorldPL.framework; sourceTree = BUILT_PRODUCTS_DIR; };
/* End PBXFileReference section */

/* Begin PBXFrameworksBuildPhase section */
		0F35251A240C2390005C2E61 /* Frameworks */ = {
			isa = PBXFrameworksBuildPhase;
			buildActionMask = 2147483647;
			files = (
				9E075D45A8FB602F0118141D /* Pods_HelloWorldPL.framework in Frameworks */,
			);
			runOnlyForDeploymentPostprocessing = 0;
		};
/* End PBXFrameworksBuildPhase section */

/* Begin PBXGroup section */
		0F352514240C2390005C2E61 = {
			isa = PBXGroup;
			children = (
				0F35251F240C2390005C2E61 /* HelloWorldPL */,
				0F35251E240C2390005C2E61 /* Products */,
				9BC725DE9F0505E020314A9B /* Pods */,
				A2053B420A4E0416075EA632 /* Frameworks */,
			);
			sourceTree = "<group>";
		};
		0F35251E240C2390005C2E61 /* Products */ = {
			isa = PBXGroup;
			children = (
				0F35251D240C2390005C2E61 /* HelloWorldPL.app */,
			);
			name = Products;
			sourceTree = "<group>";
		};
		0F35251F240C2390005C2E61 /* HelloWorldPL */ = {
			isa = PBXGroup;
			children = (
				0F352520240C2390005C2E61 /* AppDelegate.swift */,
				0F352524240C2390005C2E61 /* ViewController.swift */,
				0F352534240C25F4005C2E61 /* ViewConfigDelegate.swift */,
				0F352529240C2394005C2E61 /* Assets.xcassets */,
				0F35252B240C2394005C2E61 /* LaunchScreen.storyboard */,
				0F35252E240C2394005C2E61 /* Info.plist */,
			);
			path = HelloWorldPL;
			sourceTree = "<group>";
		};
		9BC725DE9F0505E020314A9B /* Pods */ = {
			isa = PBXGroup;
			children = (
				6D9C0FF470D04ABCB11A517E /* Pods-HelloWorldPL.debug.xcconfig */,
				D337D480C33D8894A97216F7 /* Pods-HelloWorldPL.release.xcconfig */,
			);
			path = Pods;
			sourceTree = "<group>";
		};
		A2053B420A4E0416075EA632 /* Frameworks */ = {
			isa = PBXGroup;
			children = (
				EA5946E72FD1B70E31BB279D /* Pods_HelloWorldPL.framework */,
			);
			name = Frameworks;
			sourceTree = "<group>";
		};
/* End PBXGroup section */

/* Begin PBXNativeTarget section */
		0F35251C240C2390005C2E61 /* HelloWorldPL */ = {
			isa = PBXNativeTarget;
			buildConfigurationList = 0F352531240C2394005C2E61 /* Build configuration list for PBXNativeTarget "HelloWorldPL" */;
			buildPhases = (
				576C2327834DF67444445D9E /* [CP] Check Pods Manifest.lock */,
				0F352519240C2390005C2E61 /* Sources */,
				0F35251A240C2390005C2E61 /* Frameworks */,
				0F35251B240C2390005C2E61 /* Resources */,
				7607D5E036CC11319330986D /* [CP] Embed Pods Frameworks */,
			);
			buildRules = (
			);
			dependencies = (
			);
			name = HelloWorldPL;
			productName = HelloWorldPL;
			productReference = 0F35251D240C2390005C2E61 /* HelloWorldPL.app */;
			productType = "com.apple.product-type.application";
		};
/* End PBXNativeTarget section */

/* Begin PBXProject section */
		0F352515240C2390005C2E61 /* Project object */ = {
			isa = PBXProject;
			attributes = {
				LastSwiftUpdateCheck = 1130;
				LastUpgradeCheck = 1130;
				ORGANIZATIONNAME = "Jesus Nieves";
				TargetAttributes = {
					0F35251C240C2390005C2E61 = {
						CreatedOnToolsVersion = 11.3.1;
					};
				};
			};
			buildConfigurationList = 0F352518240C2390005C2E61 /* Build configuration list for PBXProject "HelloWorldPL" */;
			compatibilityVersion = "Xcode 9.3";
			developmentRegion = en;
			hasScannedForEncodings = 0;
			knownRegions = (
				en,
				Base,
			);
			mainGroup = 0F352514240C2390005C2E61;
			productRefGroup = 0F35251E240C2390005C2E61 /* Products */;
			projectDirPath = "";
			projectRoot = "";
			targets = (
				0F35251C240C2390005C2E61 /* HelloWorldPL */,
			);
		};
/* End PBXProject section */

/* Begin PBXResourcesBuildPhase section */
		0F35251B240C2390005C2E61 /* Resources */ = {
			isa = PBXResourcesBuildPhase;
			buildActionMask = 2147483647;
			files = (
				0F35252D240C2394005C2E61 /* LaunchScreen.storyboard in Resources */,
				0F35252A240C2394005C2E61 /* Assets.xcassets in Resources */,
			);
			runOnlyForDeploymentPostprocessing = 0;
		};
/* End PBXResourcesBuildPhase section */

/* Begin PBXShellScriptBuildPhase section */
		576C2327834DF67444445D9E /* [CP] Check Pods Manifest.lock */ = {
			isa = PBXShellScriptBuildPhase;
			buildActionMask = 2147483647;
			files = (
			);
			inputFileListPaths = (
			);
			inputPaths = (
				"${PODS_PODFILE_DIR_PATH}/Podfile.lock",
				"${PODS_ROOT}/Manifest.lock",
			);
			name = "[CP] Check Pods Manifest.lock";
			outputFileListPaths = (
			);
			outputPaths = (
				"$(DERIVED_FILE_DIR)/Pods-HelloWorldPL-checkManifestLockResult.txt",
			);
			runOnlyForDeploymentPostprocessing = 0;
			shellPath = /bin/sh;
			shellScript = "diff \"${PODS_PODFILE_DIR_PATH}/Podfile.lock\" \"${PODS_ROOT}/Manifest.lock\" > /dev/null\nif [ $? != 0 ] ; then\n    # print error to STDERR\n    echo \"error: The sandbox is not in sync with the Podfile.lock. Run 'pod install' or update your CocoaPods installation.\" >&2\n    exit 1\nfi\n# This output is used by Xcode 'outputs' to avoid re-running this script phase.\necho \"SUCCESS\" > \"${SCRIPT_OUTPUT_FILE_0}\"\n";
			showEnvVarsInLog = 0;
		};
		7607D5E036CC11319330986D /* [CP] Embed Pods Frameworks */ = {
			isa = PBXShellScriptBuildPhase;
			buildActionMask = 2147483647;
			files = (
			);
			inputFileListPaths = (
				"${PODS_ROOT}/Target Support Files/Pods-HelloWorldPL/Pods-HelloWorldPL-frameworks-${CONFIGURATION}-input-files.xcfilelist",
			);
			name = "[CP] Embed Pods Frameworks";
			outputFileListPaths = (
				"${PODS_ROOT}/Target Support Files/Pods-HelloWorldPL/Pods-HelloWorldPL-frameworks-${CONFIGURATION}-output-files.xcfilelist",
			);
			runOnlyForDeploymentPostprocessing = 0;
			shellPath = /bin/sh;
			shellScript = "\"${PODS_ROOT}/Target Support Files/Pods-HelloWorldPL/Pods-HelloWorldPL-frameworks.sh\"\n";
			showEnvVarsInLog = 0;
		};
/* End PBXShellScriptBuildPhase section */

/* Begin PBXSourcesBuildPhase section */
		0F352519240C2390005C2E61 /* Sources */ = {
			isa = PBXSourcesBuildPhase;
			buildActionMask = 2147483647;
			files = (
				0F352535240C25F4005C2E61 /* ViewConfigDelegate.swift in Sources */,
				0F352525240C2390005C2E61 /* ViewController.swift in Sources */,
				0F352521240C2390005C2E61 /* AppDelegate.swift in Sources */,
			);
			runOnlyForDeploymentPostprocessing = 0;
		};
/* End PBXSourcesBuildPhase section */

/* Begin PBXVariantGroup section */
		0F35252B240C2394005C2E61 /* LaunchScreen.storyboard */ = {
			isa = PBXVariantGroup;
			children = (
				0F35252C240C2394005C2E61 /* Base */,
			);
			name = LaunchScreen.storyboard;
			sourceTree = "<group>";
		};
/* End PBXVariantGroup section */

/* Begin XCBuildConfiguration section */
		0F35252F240C2394005C2E61 /* Debug */ = {
			isa = XCBuildConfiguration;
			buildSettings = {
				ALWAYS_SEARCH_USER_PATHS = NO;
				CLANG_ANALYZER_NONNULL = YES;
				CLANG_ANALYZER_NUMBER_OBJECT_CONVERSION = YES_AGGRESSIVE;
				CLANG_CXX_LANGUAGE_STANDARD = "gnu++14";
				CLANG_CXX_LIBRARY = "libc++";
				CLANG_ENABLE_MODULES = YES;
				CLANG_ENABLE_OBJC_ARC = YES;
				CLANG_ENABLE_OBJC_WEAK = YES;
				CLANG_WARN_BLOCK_CAPTURE_AUTORELEASING = YES;
				CLANG_WARN_BOOL_CONVERSION = YES;
				CLANG_WARN_COMMA = YES;
				CLANG_WARN_CONSTANT_CONVERSION = YES;
				CLANG_WARN_DEPRECATED_OBJC_IMPLEMENTATIONS = YES;
				CLANG_WARN_DIRECT_OBJC_ISA_USAGE = YES_ERROR;
				CLANG_WARN_DOCUMENTATION_COMMENTS = YES;
				CLANG_WARN_EMPTY_BODY = YES;
				CLANG_WARN_ENUM_CONVERSION = YES;
				CLANG_WARN_INFINITE_RECURSION = YES;
				CLANG_WARN_INT_CONVERSION = YES;
				CLANG_WARN_NON_LITERAL_NULL_CONVERSION = YES;
				CLANG_WARN_OBJC_IMPLICIT_RETAIN_SELF = YES;
				CLANG_WARN_OBJC_LITERAL_CONVERSION = YES;
				CLANG_WARN_OBJC_ROOT_CLASS = YES_ERROR;
				CLANG_WARN_RANGE_LOOP_ANALYSIS = YES;
				CLANG_WARN_STRICT_PROTOTYPES = YES;
				CLANG_WARN_SUSPICIOUS_MOVE = YES;
				CLANG_WARN_UNGUARDED_AVAILABILITY = YES_AGGRESSIVE;
				CLANG_WARN_UNREACHABLE_CODE = YES;
				CLANG_WARN__DUPLICATE_METHOD_MATCH = YES;
				COPY_PHASE_STRIP = NO;
				DEBUG_INFORMATION_FORMAT = dwarf;
				ENABLE_STRICT_OBJC_MSGSEND = YES;
				ENABLE_TESTABILITY = YES;
				GCC_C_LANGUAGE_STANDARD = gnu11;
				GCC_DYNAMIC_NO_PIC = NO;
				GCC_NO_COMMON_BLOCKS = YES;
				GCC_OPTIMIZATION_LEVEL = 0;
				GCC_PREPROCESSOR_DEFINITIONS = (
					"DEBUG=1",
					"$(inherited)",
				);
				GCC_WARN_64_TO_32_BIT_CONVERSION = YES;
				GCC_WARN_ABOUT_RETURN_TYPE = YES_ERROR;
				GCC_WARN_UNDECLARED_SELECTOR = YES;
				GCC_WARN_UNINITIALIZED_AUTOS = YES_AGGRESSIVE;
				GCC_WARN_UNUSED_FUNCTION = YES;
				GCC_WARN_UNUSED_VARIABLE = YES;
				IPHONEOS_DEPLOYMENT_TARGET = 13.2;
				MTL_ENABLE_DEBUG_INFO = INCLUDE_SOURCE;
				MTL_FAST_MATH = YES;
				ONLY_ACTIVE_ARCH = YES;
				SDKROOT = iphoneos;
				SWIFT_ACTIVE_COMPILATION_CONDITIONS = DEBUG;
				SWIFT_OPTIMIZATION_LEVEL = "-Onone";
			};
			name = Debug;
		};
		0F352530240C2394005C2E61 /* Release */ = {
			isa = XCBuildConfiguration;
			buildSettings = {
				ALWAYS_SEARCH_USER_PATHS = NO;
				CLANG_ANALYZER_NONNULL = YES;
				CLANG_ANALYZER_NUMBER_OBJECT_CONVERSION = YES_AGGRESSIVE;
				CLANG_CXX_LANGUAGE_STANDARD = "gnu++14";
				CLANG_CXX_LIBRARY = "libc++";
				CLANG_ENABLE_MODULES = YES;
				CLANG_ENABLE_OBJC_ARC = YES;
				CLANG_ENABLE_OBJC_WEAK = YES;
				CLANG_WARN_BLOCK_CAPTURE_AUTORELEASING = YES;
				CLANG_WARN_BOOL_CONVERSION = YES;
				CLANG_WARN_COMMA = YES;
				CLANG_WARN_CONSTANT_CONVERSION = YES;
				CLANG_WARN_DEPRECATED_OBJC_IMPLEMENTATIONS = YES;
				CLANG_WARN_DIRECT_OBJC_ISA_USAGE = YES_ERROR;
				CLANG_WARN_DOCUMENTATION_COMMENTS = YES;
				CLANG_WARN_EMPTY_BODY = YES;
				CLANG_WARN_ENUM_CONVERSION = YES;
				CLANG_WARN_INFINITE_RECURSION = YES;
				CLANG_WARN_INT_CONVERSION = YES;
				CLANG_WARN_NON_LITERAL_NULL_CONVERSION = YES;
				CLANG_WARN_OBJC_IMPLICIT_RETAIN_SELF = YES;
				CLANG_WARN_OBJC_LITERAL_CONVERSION = YES;
				CLANG_WARN_OBJC_ROOT_CLASS = YES_ERROR;
				CLANG_WARN_RANGE_LOOP_ANALYSIS = YES;
				CLANG_WARN_STRICT_PROTOTYPES = YES;
				CLANG_WARN_SUSPICIOUS_MOVE = YES;
				CLANG_WARN_UNGUARDED_AVAILABILITY = YES_AGGRESSIVE;
				CLANG_WARN_UNREACHABLE_CODE = YES;
				CLANG_WARN__DUPLICATE_METHOD_MATCH = YES;
				COPY_PHASE_STRIP = NO;
				DEBUG_INFORMATION_FORMAT = "dwarf-with-dsym";
				ENABLE_NS_ASSERTIONS = NO;
				ENABLE_STRICT_OBJC_MSGSEND = YES;
				GCC_C_LANGUAGE_STANDARD = gnu11;
				GCC_NO_COMMON_BLOCKS = YES;
				GCC_WARN_64_TO_32_BIT_CONVERSION = YES;
				GCC_WARN_ABOUT_RETURN_TYPE = YES_ERROR;
				GCC_WARN_UNDECLARED_SELECTOR = YES;
				GCC_WARN_UNINITIALIZED_AUTOS = YES_AGGRESSIVE;
				GCC_WARN_UNUSED_FUNCTION = YES;
				GCC_WARN_UNUSED_VARIABLE = YES;
				IPHONEOS_DEPLOYMENT_TARGET = 13.2;
				MTL_ENABLE_DEBUG_INFO = NO;
				MTL_FAST_MATH = YES;
				SDKROOT = iphoneos;
				SWIFT_COMPILATION_MODE = wholemodule;
				SWIFT_OPTIMIZATION_LEVEL = "-O";
				VALIDATE_PRODUCT = YES;
			};
			name = Release;
		};
		0F352532240C2394005C2E61 /* Debug */ = {
			isa = XCBuildConfiguration;
			baseConfigurationReference = 6D9C0FF470D04ABCB11A517E /* Pods-HelloWorldPL.debug.xcconfig */;
			buildSettings = {
				ASSETCATALOG_COMPILER_APPICON_NAME = AppIcon;
				CODE_SIGN_STYLE = Automatic;
				INFOPLIST_FILE = HelloWorldPL/Info.plist;
				IPHONEOS_DEPLOYMENT_TARGET = 11.0;
				LD_RUNPATH_SEARCH_PATHS = (
					"$(inherited)",
					"@executable_path/Frameworks",
				);
				PRODUCT_BUNDLE_IDENTIFIER = com.nievesjesus.HelloWorldPL;
				PRODUCT_NAME = "$(TARGET_NAME)";
				SWIFT_VERSION = 5.0;
				TARGETED_DEVICE_FAMILY = "1,2";
			};
			name = Debug;
		};
		0F352533240C2394005C2E61 /* Release */ = {
			isa = XCBuildConfiguration;
			baseConfigurationReference = D337D480C33D8894A97216F7 /* Pods-HelloWorldPL.release.xcconfig */;
			buildSettings = {
				ASSETCATALOG_COMPILER_APPICON_NAME = AppIcon;
				CODE_SIGN_STYLE = Automatic;
				INFOPLIST_FILE = HelloWorldPL/Info.plist;
				IPHONEOS_DEPLOYMENT_TARGET = 11.0;
				LD_RUNPATH_SEARCH_PATHS = (
					"$(inherited)",
					"@executable_path/Frameworks",
				);
				PRODUCT_BUNDLE_IDENTIFIER = com.nievesjesus.HelloWorldPL;
				PRODUCT_NAME = "$(TARGET_NAME)";
				SWIFT_VERSION = 5.0;
				TARGETED_DEVICE_FAMILY = "1,2";
			};
			name = Release;
		};
/* End XCBuildConfiguration section */

/* Begin XCConfigurationList section */
		0F352518240C2390005C2E61 /* Build configuration list for PBXProject "HelloWorldPL" */ = {
			isa = XCConfigurationList;
			buildConfigurations = (
				0F35252F240C2394005C2E61 /* Debug */,
				0F352530240C2394005C2E61 /* Release */,
			);
			defaultConfigurationIsVisible = 0;
			defaultConfigurationName = Release;
		};
		0F352531240C2394005C2E61 /* Build configuration list for PBXNativeTarget "HelloWorldPL" */ = {
			isa = XCConfigurationList;
			buildConfigurations = (
				0F352532240C2394005C2E61 /* Debug */,
				0F352533240C2394005C2E61 /* Release */,
			);
			defaultConfigurationIsVisible = 0;
			defaultConfigurationName = Release;
		};
/* End XCConfigurationList section */
	};
	rootObject = 0F352515240C2390005C2E61 /* Project object */;
}
